// !$*UTF8*$!
{
	archiveVersion = 1;
	classes = {
	};
	objectVersion = 46;
	objects = {

/* Begin PBXBuildFile section */
		0BA5EE70DFC6B507C2065483 /* Pods.framework in Frameworks */ = {isa = PBXBuildFile; fileRef = 4A544CF5470C5FA90AAB45BE /* Pods.framework */; settings = {ATTRIBUTES = (Weak, ); }; };
		4E8DB2401BC303880042ED4E /* RequestViewController.swift in Sources */ = {isa = PBXBuildFile; fileRef = 4E8DB23F1BC303880042ED4E /* RequestViewController.swift */; settings = {ASSET_TAGS = (); }; };
		4E8DB2421BC303C30042ED4E /* MainViewController.swift in Sources */ = {isa = PBXBuildFile; fileRef = 4E8DB2411BC303C30042ED4E /* MainViewController.swift */; settings = {ASSET_TAGS = (); }; };
		4E8DB2441BC307F40042ED4E /* LocationViewController.swift in Sources */ = {isa = PBXBuildFile; fileRef = 4E8DB2431BC307F40042ED4E /* LocationViewController.swift */; settings = {ASSET_TAGS = (); }; };
		4E8DB2461BC308280042ED4E /* ItemsCollectionViewController.swift in Sources */ = {isa = PBXBuildFile; fileRef = 4E8DB2451BC308280042ED4E /* ItemsCollectionViewController.swift */; settings = {ASSET_TAGS = (); }; };
		4E8DB2481BC30B310042ED4E /* ItemsCollectionViewCell.swift in Sources */ = {isa = PBXBuildFile; fileRef = 4E8DB2471BC30B310042ED4E /* ItemsCollectionViewCell.swift */; settings = {ASSET_TAGS = (); }; };
		4E8DB24A1BC30C090042ED4E /* defaultPhoto.png in Resources */ = {isa = PBXBuildFile; fileRef = 4E8DB2491BC30C090042ED4E /* defaultPhoto.png */; settings = {ASSET_TAGS = (); }; };
		AAE59C551BC2F14400F99907 /* main.m in Sources */ = {isa = PBXBuildFile; fileRef = AAE59C541BC2F14400F99907 /* main.m */; };
		AAE59C581BC2F14400F99907 /* AppDelegate.m in Sources */ = {isa = PBXBuildFile; fileRef = AAE59C571BC2F14400F99907 /* AppDelegate.m */; };
		AAE59C5B1BC2F14400F99907 /* ViewController.m in Sources */ = {isa = PBXBuildFile; fileRef = AAE59C5A1BC2F14400F99907 /* ViewController.m */; };
		AAE59C5E1BC2F14400F99907 /* Main.storyboard in Resources */ = {isa = PBXBuildFile; fileRef = AAE59C5C1BC2F14400F99907 /* Main.storyboard */; };
		AAE59C601BC2F14400F99907 /* Assets.xcassets in Resources */ = {isa = PBXBuildFile; fileRef = AAE59C5F1BC2F14400F99907 /* Assets.xcassets */; };
		AAE59C631BC2F14400F99907 /* LaunchScreen.storyboard in Resources */ = {isa = PBXBuildFile; fileRef = AAE59C611BC2F14400F99907 /* LaunchScreen.storyboard */; };
		AAE59C6E1BC2F14400F99907 /* PickUPTests.m in Sources */ = {isa = PBXBuildFile; fileRef = AAE59C6D1BC2F14400F99907 /* PickUPTests.m */; };
/* End PBXBuildFile section */

/* Begin PBXContainerItemProxy section */
		AAE59C6A1BC2F14400F99907 /* PBXContainerItemProxy */ = {
			isa = PBXContainerItemProxy;
			containerPortal = AAE59C481BC2F14400F99907 /* Project object */;
			proxyType = 1;
			remoteGlobalIDString = AAE59C4F1BC2F14400F99907;
			remoteInfo = PickUP;
		};
/* End PBXContainerItemProxy section */

/* Begin PBXFileReference section */
		4A544CF5470C5FA90AAB45BE /* Pods.framework */ = {isa = PBXFileReference; explicitFileType = wrapper.framework; includeInIndex = 0; path = Pods.framework; sourceTree = BUILT_PRODUCTS_DIR; };
		4E8DB23E1BC303880042ED4E /* PickUP-Bridging-Header.h */ = {isa = PBXFileReference; lastKnownFileType = sourcecode.c.h; path = "PickUP-Bridging-Header.h"; sourceTree = "<group>"; };
		4E8DB23F1BC303880042ED4E /* RequestViewController.swift */ = {isa = PBXFileReference; fileEncoding = 4; lastKnownFileType = sourcecode.swift; path = RequestViewController.swift; sourceTree = "<group>"; };
		4E8DB2411BC303C30042ED4E /* MainViewController.swift */ = {isa = PBXFileReference; fileEncoding = 4; lastKnownFileType = sourcecode.swift; path = MainViewController.swift; sourceTree = "<group>"; };
		4E8DB2431BC307F40042ED4E /* LocationViewController.swift */ = {isa = PBXFileReference; fileEncoding = 4; lastKnownFileType = sourcecode.swift; path = LocationViewController.swift; sourceTree = "<group>"; };
		4E8DB2451BC308280042ED4E /* ItemsCollectionViewController.swift */ = {isa = PBXFileReference; fileEncoding = 4; lastKnownFileType = sourcecode.swift; path = ItemsCollectionViewController.swift; sourceTree = "<group>"; };
		4E8DB2471BC30B310042ED4E /* ItemsCollectionViewCell.swift */ = {isa = PBXFileReference; fileEncoding = 4; lastKnownFileType = sourcecode.swift; path = ItemsCollectionViewCell.swift; sourceTree = "<group>"; };
		4E8DB2491BC30C090042ED4E /* defaultPhoto.png */ = {isa = PBXFileReference; lastKnownFileType = image.png; path = defaultPhoto.png; sourceTree = "<group>"; };
		945D37B5D0993A46CF5A55E9 /* Pods.debug.xcconfig */ = {isa = PBXFileReference; includeInIndex = 1; lastKnownFileType = text.xcconfig; name = Pods.debug.xcconfig; path = "Pods/Target Support Files/Pods/Pods.debug.xcconfig"; sourceTree = "<group>"; };
		AAE59C501BC2F14400F99907 /* PickUP.app */ = {isa = PBXFileReference; explicitFileType = wrapper.application; includeInIndex = 0; path = PickUP.app; sourceTree = BUILT_PRODUCTS_DIR; };
		AAE59C541BC2F14400F99907 /* main.m */ = {isa = PBXFileReference; lastKnownFileType = sourcecode.c.objc; path = main.m; sourceTree = "<group>"; };
		AAE59C561BC2F14400F99907 /* AppDelegate.h */ = {isa = PBXFileReference; lastKnownFileType = sourcecode.c.h; path = AppDelegate.h; sourceTree = "<group>"; };
		AAE59C571BC2F14400F99907 /* AppDelegate.m */ = {isa = PBXFileReference; lastKnownFileType = sourcecode.c.objc; path = AppDelegate.m; sourceTree = "<group>"; };
		AAE59C591BC2F14400F99907 /* ViewController.h */ = {isa = PBXFileReference; lastKnownFileType = sourcecode.c.h; path = ViewController.h; sourceTree = "<group>"; };
		AAE59C5A1BC2F14400F99907 /* ViewController.m */ = {isa = PBXFileReference; lastKnownFileType = sourcecode.c.objc; path = ViewController.m; sourceTree = "<group>"; };
		AAE59C5D1BC2F14400F99907 /* Base */ = {isa = PBXFileReference; lastKnownFileType = file.storyboard; name = Base; path = Base.lproj/Main.storyboard; sourceTree = "<group>"; };
		AAE59C5F1BC2F14400F99907 /* Assets.xcassets */ = {isa = PBXFileReference; lastKnownFileType = folder.assetcatalog; path = Assets.xcassets; sourceTree = "<group>"; };
		AAE59C621BC2F14400F99907 /* Base */ = {isa = PBXFileReference; lastKnownFileType = file.storyboard; name = Base; path = Base.lproj/LaunchScreen.storyboard; sourceTree = "<group>"; };
		AAE59C641BC2F14400F99907 /* Info.plist */ = {isa = PBXFileReference; lastKnownFileType = text.plist.xml; path = Info.plist; sourceTree = "<group>"; };
		AAE59C691BC2F14400F99907 /* PickUPTests.xctest */ = {isa = PBXFileReference; explicitFileType = wrapper.cfbundle; includeInIndex = 0; path = PickUPTests.xctest; sourceTree = BUILT_PRODUCTS_DIR; };
		AAE59C6D1BC2F14400F99907 /* PickUPTests.m */ = {isa = PBXFileReference; lastKnownFileType = sourcecode.c.objc; path = PickUPTests.m; sourceTree = "<group>"; };
		AAE59C6F1BC2F14400F99907 /* Info.plist */ = {isa = PBXFileReference; lastKnownFileType = text.plist.xml; path = Info.plist; sourceTree = "<group>"; };
		E8E771EDD8B23685DE6F95BF /* Pods.release.xcconfig */ = {isa = PBXFileReference; includeInIndex = 1; lastKnownFileType = text.xcconfig; name = Pods.release.xcconfig; path = "Pods/Target Support Files/Pods/Pods.release.xcconfig"; sourceTree = "<group>"; };
/* End PBXFileReference section */

/* Begin PBXFrameworksBuildPhase section */
		AAE59C4D1BC2F14400F99907 /* Frameworks */ = {
			isa = PBXFrameworksBuildPhase;
			buildActionMask = 2147483647;
			files = (
				0BA5EE70DFC6B507C2065483 /* Pods.framework in Frameworks */,
			);
			runOnlyForDeploymentPostprocessing = 0;
		};
		AAE59C661BC2F14400F99907 /* Frameworks */ = {
			isa = PBXFrameworksBuildPhase;
			buildActionMask = 2147483647;
			files = (
			);
			runOnlyForDeploymentPostprocessing = 0;
		};
/* End PBXFrameworksBuildPhase section */

/* Begin PBXGroup section */
		273BEB02475490FD83E3D6F4 /* Frameworks */ = {
			isa = PBXGroup;
			children = (
				4A544CF5470C5FA90AAB45BE /* Pods.framework */,
			);
			name = Frameworks;
			sourceTree = "<group>";
		};
		AAE59C471BC2F14400F99907 = {
			isa = PBXGroup;
			children = (
				AAE59C521BC2F14400F99907 /* PickUP */,
				AAE59C6C1BC2F14400F99907 /* PickUPTests */,
				AAE59C511BC2F14400F99907 /* Products */,
				E83FA2C028312CA27339BAA9 /* Pods */,
				273BEB02475490FD83E3D6F4 /* Frameworks */,
			);
			sourceTree = "<group>";
		};
		AAE59C511BC2F14400F99907 /* Products */ = {
			isa = PBXGroup;
			children = (
				AAE59C501BC2F14400F99907 /* PickUP.app */,
				AAE59C691BC2F14400F99907 /* PickUPTests.xctest */,
			);
			name = Products;
			sourceTree = "<group>";
		};
		AAE59C521BC2F14400F99907 /* PickUP */ = {
			isa = PBXGroup;
			children = (
				AAE59C561BC2F14400F99907 /* AppDelegate.h */,
				AAE59C571BC2F14400F99907 /* AppDelegate.m */,
				AAE59C591BC2F14400F99907 /* ViewController.h */,
				AAE59C5A1BC2F14400F99907 /* ViewController.m */,
				AAE59C5C1BC2F14400F99907 /* Main.storyboard */,
				4E8DB2471BC30B310042ED4E /* ItemsCollectionViewCell.swift */,
				4E8DB2431BC307F40042ED4E /* LocationViewController.swift */,
				4E8DB2411BC303C30042ED4E /* MainViewController.swift */,
				4E8DB23F1BC303880042ED4E /* RequestViewController.swift */,
				4E8DB2451BC308280042ED4E /* ItemsCollectionViewController.swift */,
				AAE59C5F1BC2F14400F99907 /* Assets.xcassets */,
				4E8DB2491BC30C090042ED4E /* defaultPhoto.png */,
				AAE59C611BC2F14400F99907 /* LaunchScreen.storyboard */,
				AAE59C641BC2F14400F99907 /* Info.plist */,
				AAE59C531BC2F14400F99907 /* Supporting Files */,
				4E8DB23E1BC303880042ED4E /* PickUP-Bridging-Header.h */,
			);
			path = PickUP;
			sourceTree = "<group>";
		};
		AAE59C531BC2F14400F99907 /* Supporting Files */ = {
			isa = PBXGroup;
			children = (
				AAE59C541BC2F14400F99907 /* main.m */,
			);
			name = "Supporting Files";
			sourceTree = "<group>";
		};
		AAE59C6C1BC2F14400F99907 /* PickUPTests */ = {
			isa = PBXGroup;
			children = (
				AAE59C6D1BC2F14400F99907 /* PickUPTests.m */,
				AAE59C6F1BC2F14400F99907 /* Info.plist */,
			);
			path = PickUPTests;
			sourceTree = "<group>";
		};
		E83FA2C028312CA27339BAA9 /* Pods */ = {
			isa = PBXGroup;
			children = (
				945D37B5D0993A46CF5A55E9 /* Pods.debug.xcconfig */,
				E8E771EDD8B23685DE6F95BF /* Pods.release.xcconfig */,
			);
			name = Pods;
			sourceTree = "<group>";
		};
/* End PBXGroup section */

/* Begin PBXNativeTarget section */
		AAE59C4F1BC2F14400F99907 /* PickUP */ = {
			isa = PBXNativeTarget;
			buildConfigurationList = AAE59C721BC2F14400F99907 /* Build configuration list for PBXNativeTarget "PickUP" */;
			buildPhases = (
				55CD910014D1ADB47D265907 /* Check Pods Manifest.lock */,
				AAE59C4C1BC2F14400F99907 /* Sources */,
				AAE59C4D1BC2F14400F99907 /* Frameworks */,
				AAE59C4E1BC2F14400F99907 /* Resources */,
				983E3D7BA4ABE58B2195736B /* Embed Pods Frameworks */,
				9DAC9E0F0AE7DA805B85AB3F /* Copy Pods Resources */,
			);
			buildRules = (
			);
			dependencies = (
			);
			name = PickUP;
			productName = PickUP;
			productReference = AAE59C501BC2F14400F99907 /* PickUP.app */;
			productType = "com.apple.product-type.application";
		};
		AAE59C681BC2F14400F99907 /* PickUPTests */ = {
			isa = PBXNativeTarget;
			buildConfigurationList = AAE59C751BC2F14400F99907 /* Build configuration list for PBXNativeTarget "PickUPTests" */;
			buildPhases = (
				AAE59C651BC2F14400F99907 /* Sources */,
				AAE59C661BC2F14400F99907 /* Frameworks */,
				AAE59C671BC2F14400F99907 /* Resources */,
			);
			buildRules = (
			);
			dependencies = (
				AAE59C6B1BC2F14400F99907 /* PBXTargetDependency */,
			);
			name = PickUPTests;
			productName = PickUPTests;
			productReference = AAE59C691BC2F14400F99907 /* PickUPTests.xctest */;
			productType = "com.apple.product-type.bundle.unit-test";
		};
/* End PBXNativeTarget section */

/* Begin PBXProject section */
		AAE59C481BC2F14400F99907 /* Project object */ = {
			isa = PBXProject;
			attributes = {
				LastSwiftUpdateCheck = 0700;
				LastUpgradeCheck = 0700;
				ORGANIZATIONNAME = Steve;
				TargetAttributes = {
					AAE59C4F1BC2F14400F99907 = {
						CreatedOnToolsVersion = 7.0.1;
					};
					AAE59C681BC2F14400F99907 = {
						CreatedOnToolsVersion = 7.0.1;
						TestTargetID = AAE59C4F1BC2F14400F99907;
					};
				};
			};
			buildConfigurationList = AAE59C4B1BC2F14400F99907 /* Build configuration list for PBXProject "PickUP" */;
			compatibilityVersion = "Xcode 3.2";
			developmentRegion = English;
			hasScannedForEncodings = 0;
			knownRegions = (
				en,
				Base,
			);
			mainGroup = AAE59C471BC2F14400F99907;
			productRefGroup = AAE59C511BC2F14400F99907 /* Products */;
			projectDirPath = "";
			projectRoot = "";
			targets = (
				AAE59C4F1BC2F14400F99907 /* PickUP */,
				AAE59C681BC2F14400F99907 /* PickUPTests */,
			);
		};
/* End PBXProject section */

/* Begin PBXResourcesBuildPhase section */
		AAE59C4E1BC2F14400F99907 /* Resources */ = {
			isa = PBXResourcesBuildPhase;
			buildActionMask = 2147483647;
			files = (
				AAE59C631BC2F14400F99907 /* LaunchScreen.storyboard in Resources */,
				AAE59C601BC2F14400F99907 /* Assets.xcassets in Resources */,
				4E8DB24A1BC30C090042ED4E /* defaultPhoto.png in Resources */,
				AAE59C5E1BC2F14400F99907 /* Main.storyboard in Resources */,
			);
			runOnlyForDeploymentPostprocessing = 0;
		};
		AAE59C671BC2F14400F99907 /* Resources */ = {
			isa = PBXResourcesBuildPhase;
			buildActionMask = 2147483647;
			files = (
			);
			runOnlyForDeploymentPostprocessing = 0;
		};
/* End PBXResourcesBuildPhase section */

/* Begin PBXShellScriptBuildPhase section */
		55CD910014D1ADB47D265907 /* Check Pods Manifest.lock */ = {
			isa = PBXShellScriptBuildPhase;
			buildActionMask = 2147483647;
			files = (
			);
			inputPaths = (
			);
			name = "Check Pods Manifest.lock";
			outputPaths = (
			);
			runOnlyForDeploymentPostprocessing = 0;
			shellPath = /bin/sh;
			shellScript = "diff \"${PODS_ROOT}/../Podfile.lock\" \"${PODS_ROOT}/Manifest.lock\" > /dev/null\nif [[ $? != 0 ]] ; then\n    cat << EOM\nerror: The sandbox is not in sync with the Podfile.lock. Run 'pod install' or update your CocoaPods installation.\nEOM\n    exit 1\nfi\n";
			showEnvVarsInLog = 0;
		};
		983E3D7BA4ABE58B2195736B /* Embed Pods Frameworks */ = {
			isa = PBXShellScriptBuildPhase;
			buildActionMask = 2147483647;
			files = (
			);
			inputPaths = (
			);
			name = "Embed Pods Frameworks";
			outputPaths = (
			);
			runOnlyForDeploymentPostprocessing = 0;
			shellPath = /bin/sh;
			shellScript = "\"${SRCROOT}/Pods/Target Support Files/Pods/Pods-frameworks.sh\"\n";
			showEnvVarsInLog = 0;
		};
		9DAC9E0F0AE7DA805B85AB3F /* Copy Pods Resources */ = {
			isa = PBXShellScriptBuildPhase;
			buildActionMask = 2147483647;
			files = (
			);
			inputPaths = (
			);
			name = "Copy Pods Resources";
			outputPaths = (
			);
			runOnlyForDeploymentPostprocessing = 0;
			shellPath = /bin/sh;
			shellScript = "\"${SRCROOT}/Pods/Target Support Files/Pods/Pods-resources.sh\"\n";
			showEnvVarsInLog = 0;
		};
/* End PBXShellScriptBuildPhase section */

/* Begin PBXSourcesBuildPhase section */
		AAE59C4C1BC2F14400F99907 /* Sources */ = {
			isa = PBXSourcesBuildPhase;
			buildActionMask = 2147483647;
			files = (
				AAE59C5B1BC2F14400F99907 /* ViewController.m in Sources */,
				4E8DB2481BC30B310042ED4E /* ItemsCollectionViewCell.swift in Sources */,
				AAE59C581BC2F14400F99907 /* AppDelegate.m in Sources */,
				4E8DB2401BC303880042ED4E /* RequestViewController.swift in Sources */,
				4E8DB2441BC307F40042ED4E /* LocationViewController.swift in Sources */,
				AAE59C551BC2F14400F99907 /* main.m in Sources */,
				4E8DB2421BC303C30042ED4E /* MainViewController.swift in Sources */,
				4E8DB2461BC308280042ED4E /* ItemsCollectionViewController.swift in Sources */,
			);
			runOnlyForDeploymentPostprocessing = 0;
		};
		AAE59C651BC2F14400F99907 /* Sources */ = {
			isa = PBXSourcesBuildPhase;
			buildActionMask = 2147483647;
			files = (
				AAE59C6E1BC2F14400F99907 /* PickUPTests.m in Sources */,
			);
			runOnlyForDeploymentPostprocessing = 0;
		};
/* End PBXSourcesBuildPhase section */

/* Begin PBXTargetDependency section */
		AAE59C6B1BC2F14400F99907 /* PBXTargetDependency */ = {
			isa = PBXTargetDependency;
			target = AAE59C4F1BC2F14400F99907 /* PickUP */;
			targetProxy = AAE59C6A1BC2F14400F99907 /* PBXContainerItemProxy */;
		};
/* End PBXTargetDependency section */

/* Begin PBXVariantGroup section */
		AAE59C5C1BC2F14400F99907 /* Main.storyboard */ = {
			isa = PBXVariantGroup;
			children = (
				AAE59C5D1BC2F14400F99907 /* Base */,
			);
			name = Main.storyboard;
			sourceTree = "<group>";
		};
		AAE59C611BC2F14400F99907 /* LaunchScreen.storyboard */ = {
			isa = PBXVariantGroup;
			children = (
				AAE59C621BC2F14400F99907 /* Base */,
			);
			name = LaunchScreen.storyboard;
			sourceTree = "<group>";
		};
/* End PBXVariantGroup section */

/* Begin XCBuildConfiguration section */
		AAE59C701BC2F14400F99907 /* Debug */ = {
			isa = XCBuildConfiguration;
			buildSettings = {
				ALWAYS_SEARCH_USER_PATHS = NO;
				CLANG_CXX_LANGUAGE_STANDARD = "gnu++0x";
				CLANG_CXX_LIBRARY = "libc++";
				CLANG_ENABLE_MODULES = YES;
				CLANG_ENABLE_OBJC_ARC = YES;
				CLANG_WARN_BOOL_CONVERSION = YES;
				CLANG_WARN_CONSTANT_CONVERSION = YES;
				CLANG_WARN_DIRECT_OBJC_ISA_USAGE = YES_ERROR;
				CLANG_WARN_EMPTY_BODY = YES;
				CLANG_WARN_ENUM_CONVERSION = YES;
				CLANG_WARN_INT_CONVERSION = YES;
				CLANG_WARN_OBJC_ROOT_CLASS = YES_ERROR;
				CLANG_WARN_UNREACHABLE_CODE = YES;
				CLANG_WARN__DUPLICATE_METHOD_MATCH = YES;
				"CODE_SIGN_IDENTITY[sdk=iphoneos*]" = "iPhone Developer";
				COPY_PHASE_STRIP = NO;
				DEBUG_INFORMATION_FORMAT = dwarf;
				ENABLE_STRICT_OBJC_MSGSEND = YES;
				ENABLE_TESTABILITY = YES;
				GCC_C_LANGUAGE_STANDARD = gnu99;
				GCC_DYNAMIC_NO_PIC = NO;
				GCC_NO_COMMON_BLOCKS = YES;
				GCC_OPTIMIZATION_LEVEL = 0;
				GCC_PREPROCESSOR_DEFINITIONS = (
					"DEBUG=1",
					"$(inherited)",
				);
				GCC_WARN_64_TO_32_BIT_CONVERSION = YES;
				GCC_WARN_ABOUT_RETURN_TYPE = YES_ERROR;
				GCC_WARN_UNDECLARED_SELECTOR = YES;
				GCC_WARN_UNINITIALIZED_AUTOS = YES_AGGRESSIVE;
				GCC_WARN_UNUSED_FUNCTION = YES;
				GCC_WARN_UNUSED_VARIABLE = YES;
				IPHONEOS_DEPLOYMENT_TARGET = 9.0;
				MTL_ENABLE_DEBUG_INFO = YES;
				ONLY_ACTIVE_ARCH = YES;
				SDKROOT = iphoneos;
			};
			name = Debug;
		};
		AAE59C711BC2F14400F99907 /* Release */ = {
			isa = XCBuildConfiguration;
			buildSettings = {
				ALWAYS_SEARCH_USER_PATHS = NO;
				CLANG_CXX_LANGUAGE_STANDARD = "gnu++0x";
				CLANG_CXX_LIBRARY = "libc++";
				CLANG_ENABLE_MODULES = YES;
				CLANG_ENABLE_OBJC_ARC = YES;
				CLANG_WARN_BOOL_CONVERSION = YES;
				CLANG_WARN_CONSTANT_CONVERSION = YES;
				CLANG_WARN_DIRECT_OBJC_ISA_USAGE = YES_ERROR;
				CLANG_WARN_EMPTY_BODY = YES;
				CLANG_WARN_ENUM_CONVERSION = YES;
				CLANG_WARN_INT_CONVERSION = YES;
				CLANG_WARN_OBJC_ROOT_CLASS = YES_ERROR;
				CLANG_WARN_UNREACHABLE_CODE = YES;
				CLANG_WARN__DUPLICATE_METHOD_MATCH = YES;
				"CODE_SIGN_IDENTITY[sdk=iphoneos*]" = "iPhone Developer";
				COPY_PHASE_STRIP = NO;
				DEBUG_INFORMATION_FORMAT = "dwarf-with-dsym";
				ENABLE_NS_ASSERTIONS = NO;
				ENABLE_STRICT_OBJC_MSGSEND = YES;
				GCC_C_LANGUAGE_STANDARD = gnu99;
				GCC_NO_COMMON_BLOCKS = YES;
				GCC_WARN_64_TO_32_BIT_CONVERSION = YES;
				GCC_WARN_ABOUT_RETURN_TYPE = YES_ERROR;
				GCC_WARN_UNDECLARED_SELECTOR = YES;
				GCC_WARN_UNINITIALIZED_AUTOS = YES_AGGRESSIVE;
				GCC_WARN_UNUSED_FUNCTION = YES;
				GCC_WARN_UNUSED_VARIABLE = YES;
				IPHONEOS_DEPLOYMENT_TARGET = 9.0;
				MTL_ENABLE_DEBUG_INFO = NO;
				SDKROOT = iphoneos;
				VALIDATE_PRODUCT = YES;
			};
			name = Release;
		};
		AAE59C731BC2F14400F99907 /* Debug */ = {
			isa = XCBuildConfiguration;
			baseConfigurationReference = 945D37B5D0993A46CF5A55E9 /* Pods.debug.xcconfig */;
			buildSettings = {
				ASSETCATALOG_COMPILER_APPICON_NAME = AppIcon;
				CLANG_ENABLE_MODULES = YES;
				INFOPLIST_FILE = PickUP/Info.plist;
				LD_RUNPATH_SEARCH_PATHS = "$(inherited) @executable_path/Frameworks";
				PRODUCT_BUNDLE_IDENTIFIER = Steve.PickUP;
				PRODUCT_NAME = "$(TARGET_NAME)";
				SWIFT_OBJC_BRIDGING_HEADER = "PickUP/PickUP-Bridging-Header.h";
				SWIFT_OPTIMIZATION_LEVEL = "-Onone";
			};
			name = Debug;
		};
		AAE59C741BC2F14400F99907 /* Release */ = {
			isa = XCBuildConfiguration;
			baseConfigurationReference = E8E771EDD8B23685DE6F95BF /* Pods.release.xcconfig */;
			buildSettings = {
				ASSETCATALOG_COMPILER_APPICON_NAME = AppIcon;
				CLANG_ENABLE_MODULES = YES;
				INFOPLIST_FILE = PickUP/Info.plist;
				LD_RUNPATH_SEARCH_PATHS = "$(inherited) @executable_path/Frameworks";
				PRODUCT_BUNDLE_IDENTIFIER = Steve.PickUP;
				PRODUCT_NAME = "$(TARGET_NAME)";
				SWIFT_OBJC_BRIDGING_HEADER = "PickUP/PickUP-Bridging-Header.h";
			};
			name = Release;
		};
		AAE59C761BC2F14400F99907 /* Debug */ = {
			isa = XCBuildConfiguration;
			buildSettings = {
				BUNDLE_LOADER = "$(TEST_HOST)";
				INFOPLIST_FILE = PickUPTests/Info.plist;
				LD_RUNPATH_SEARCH_PATHS = "$(inherited) @executable_path/Frameworks @loader_path/Frameworks";
				PRODUCT_BUNDLE_IDENTIFIER = Steve.PickUPTests;
				PRODUCT_NAME = "$(TARGET_NAME)";
				TEST_HOST = "$(BUILT_PRODUCTS_DIR)/PickUP.app/PickUP";
			};
			name = Debug;
		};
		AAE59C771BC2F14400F99907 /* Release */ = {
			isa = XCBuildConfiguration;
			buildSettings = {
				BUNDLE_LOADER = "$(TEST_HOST)";
				INFOPLIST_FILE = PickUPTests/Info.plist;
				LD_RUNPATH_SEARCH_PATHS = "$(inherited) @executable_path/Frameworks @loader_path/Frameworks";
				PRODUCT_BUNDLE_IDENTIFIER = Steve.PickUPTests;
				PRODUCT_NAME = "$(TARGET_NAME)";
				TEST_HOST = "$(BUILT_PRODUCTS_DIR)/PickUP.app/PickUP";
			};
			name = Release;
		};
/* End XCBuildConfiguration section */

/* Begin XCConfigurationList section */
		AAE59C4B1BC2F14400F99907 /* Build configuration list for PBXProject "PickUP" */ = {
			isa = XCConfigurationList;
			buildConfigurations = (
				AAE59C701BC2F14400F99907 /* Debug */,
				AAE59C711BC2F14400F99907 /* Release */,
			);
			defaultConfigurationIsVisible = 0;
			defaultConfigurationName = Release;
		};
		AAE59C721BC2F14400F99907 /* Build configuration list for PBXNativeTarget "PickUP" */ = {
			isa = XCConfigurationList;
			buildConfigurations = (
				AAE59C731BC2F14400F99907 /* Debug */,
				AAE59C741BC2F14400F99907 /* Release */,
			);
			defaultConfigurationIsVisible = 0;
			defaultConfigurationName = Release;
		};
		AAE59C751BC2F14400F99907 /* Build configuration list for PBXNativeTarget "PickUPTests" */ = {
			isa = XCConfigurationList;
			buildConfigurations = (
				AAE59C761BC2F14400F99907 /* Debug */,
				AAE59C771BC2F14400F99907 /* Release */,
			);
			defaultConfigurationIsVisible = 0;
			defaultConfigurationName = Release;
		};
/* End XCConfigurationList section */
	};
	rootObject = AAE59C481BC2F14400F99907 /* Project object */;
}
